
Microsoft Visual Studio Solution File, Format Version 12.00
# Visual Studio 15
VisualStudioVersion = 15.0.28307.489
MinimumVisualStudioVersion = 10.0.40219.1
Project("{159641D6-6404-4A2A-AE62-294DE0FE8301}") = "IntegrationServices_Northwind", "IntegrationServices_Northwind\IntegrationServices_Northwind.dtproj", "{9084640D-8B08-4C39-9F2A-5901FF3791CE}"
EndProject
Global
	GlobalSection(SolutionConfigurationPlatforms) = preSolution
		Development|Default = Development|Default
	EndGlobalSection
	GlobalSection(ProjectConfigurationPlatforms) = postSolution
		{9084640D-8B08-4C39-9F2A-5901FF3791CE}.Development|Default.ActiveCfg = Development
		{9084640D-8B08-4C39-9F2A-5901FF3791CE}.Development|Default.Build.0 = Development
	EndGlobalSection
	GlobalSection(SolutionProperties) = preSolution
		HideSolutionNode = FALSE
	EndGlobalSection
	GlobalSection(ExtensibilityGlobals) = postSolution
		SolutionGuid = {C9C0A644-E0EA-49B0-9B0F-9B9D8EDA833D}
	EndGlobalSection
EndGlobal
